
Microsoft Visual Studio Solution File, Format Version 12.00
# Visual Studio Version 16
VisualStudioVersion = 16.0.31911.196
MinimumVisualStudioVersion = 10.0.40219.1
Project("{FAE04EC0-301F-11D3-BF4B-00C04F79EFBC}") = "ConexionPostgreSQL", "ConexionPostgreSQL.csproj", "{53FFD794-1BA7-4D39-8BDA-0AB3B4883620}"
EndProject
Global
	GlobalSection(SolutionConfigurationPlatforms) = preSolution
		Debug|Any CPU = Debug|Any CPU
		Release|Any CPU = Release|Any CPU
	EndGlobalSection
	GlobalSection(ProjectConfigurationPlatforms) = postSolution
		{53FFD794-1BA7-4D39-8BDA-0AB3B4883620}.Debug|Any CPU.ActiveCfg = Debug|Any CPU
		{53FFD794-1BA7-4D39-8BDA-0AB3B4883620}.Debug|Any CPU.Build.0 = Debug|Any CPU
		{53FFD794-1BA7-4D39-8BDA-0AB3B4883620}.Release|Any CPU.ActiveCfg = Release|Any CPU
		{53FFD794-1BA7-4D39-8BDA-0AB3B4883620}.Release|Any CPU.Build.0 = Release|Any CPU
	EndGlobalSection
	GlobalSection(SolutionProperties) = preSolution
		HideSolutionNode = FALSE
	EndGlobalSection
	GlobalSection(ExtensibilityGlobals) = postSolution
		SolutionGuid = {2FD24021-2821-41CC-9E86-313992198699}
	EndGlobalSection
EndGlobal
